
Microsoft Visual Studio Solution File, Format Version 12.00
# Visual Studio 2013
VisualStudioVersion = 12.0.21005.1
MinimumVisualStudioVersion = 10.0.40219.1
Project("{FAE04EC0-301F-11D3-BF4B-00C04F79EFBC}") = "ZqUtils", "ZqUtils\ZqUtils.csproj", "{DAC1FDE4-0672-4543-9E25-1532A9283EF3}"
EndProject
Global
	GlobalSection(SolutionConfigurationPlatforms) = preSolution
		Debug|Any CPU = Debug|Any CPU
		Release|Any CPU = Release|Any CPU
	EndGlobalSection
	GlobalSection(ProjectConfigurationPlatforms) = postSolution
		{DAC1FDE4-0672-4543-9E25-1532A9283EF3}.Debug|Any CPU.ActiveCfg = Release|Any CPU
		{DAC1FDE4-0672-4543-9E25-1532A9283EF3}.Debug|Any CPU.Build.0 = Release|Any CPU
		{DAC1FDE4-0672-4543-9E25-1532A9283EF3}.Release|Any CPU.ActiveCfg = Release|Any CPU
		{DAC1FDE4-0672-4543-9E25-1532A9283EF3}.Release|Any CPU.Build.0 = Release|Any CPU
	EndGlobalSection
	GlobalSection(SolutionProperties) = preSolution
		HideSolutionNode = FALSE
	EndGlobalSection
EndGlobal
